// !$*UTF8*$!
{
	archiveVersion = 1;
	classes = {
	};
	objectVersion = 50;
	objects = {

/* Begin PBXBuildFile section */
		D30B48FE24B6311E002F72EA /* AppDelegate.swift in Sources */ = {isa = PBXBuildFile; fileRef = D30B48FD24B6311E002F72EA /* AppDelegate.swift */; };
		D30B490024B6311E002F72EA /* SceneDelegate.swift in Sources */ = {isa = PBXBuildFile; fileRef = D30B48FF24B6311E002F72EA /* SceneDelegate.swift */; };
		D30B490224B6311E002F72EA /* FirstViewController.swift in Sources */ = {isa = PBXBuildFile; fileRef = D30B490124B6311E002F72EA /* FirstViewController.swift */; };
		D30B490424B6311E002F72EA /* SecondViewController.swift in Sources */ = {isa = PBXBuildFile; fileRef = D30B490324B6311E002F72EA /* SecondViewController.swift */; };
		D30B490724B6311E002F72EA /* Main.storyboard in Resources */ = {isa = PBXBuildFile; fileRef = D30B490524B6311E002F72EA /* Main.storyboard */; settings = {ASSET_TAGS = (1, ); }; };
		D30B490924B6311F002F72EA /* Assets.xcassets in Resources */ = {isa = PBXBuildFile; fileRef = D30B490824B6311F002F72EA /* Assets.xcassets */; };
		D30B490C24B6311F002F72EA /* LaunchScreen.storyboard in Resources */ = {isa = PBXBuildFile; fileRef = D30B490A24B6311F002F72EA /* LaunchScreen.storyboard */; };
		D30B491724B8A9F0002F72EA /* PathMapping.swift in Sources */ = {isa = PBXBuildFile; fileRef = D30B491624B8A9F0002F72EA /* PathMapping.swift */; };
		D30B491D24B8B9FC002F72EA /* RoutingModel.xcdatamodeld in Sources */ = {isa = PBXBuildFile; fileRef = D30B491B24B8B9FC002F72EA /* RoutingModel.xcdatamodeld */; };
		D361C6DE24BCEDBE00C35EBF /* HttpRequest.swift in Sources */ = {isa = PBXBuildFile; fileRef = D361C6DD24BCEDBE00C35EBF /* HttpRequest.swift */; };
		D361C6E024BE042C00C35EBF /* PathCollectionViewCell.swift in Sources */ = {isa = PBXBuildFile; fileRef = D361C6DF24BE042C00C35EBF /* PathCollectionViewCell.swift */; };
/* End PBXBuildFile section */

/* Begin PBXFileReference section */
		D30B48FA24B6311E002F72EA /* Tabbed Location Sender.app */ = {isa = PBXFileReference; explicitFileType = wrapper.application; includeInIndex = 0; path = "Tabbed Location Sender.app"; sourceTree = BUILT_PRODUCTS_DIR; };
		D30B48FD24B6311E002F72EA /* AppDelegate.swift */ = {isa = PBXFileReference; lastKnownFileType = sourcecode.swift; path = AppDelegate.swift; sourceTree = "<group>"; };
		D30B48FF24B6311E002F72EA /* SceneDelegate.swift */ = {isa = PBXFileReference; lastKnownFileType = sourcecode.swift; path = SceneDelegate.swift; sourceTree = "<group>"; };
		D30B490124B6311E002F72EA /* FirstViewController.swift */ = {isa = PBXFileReference; lastKnownFileType = sourcecode.swift; path = FirstViewController.swift; sourceTree = "<group>"; };
		D30B490324B6311E002F72EA /* SecondViewController.swift */ = {isa = PBXFileReference; lastKnownFileType = sourcecode.swift; path = SecondViewController.swift; sourceTree = "<group>"; };
		D30B490624B6311E002F72EA /* Base */ = {isa = PBXFileReference; lastKnownFileType = file.storyboard; name = Base; path = Base.lproj/Main.storyboard; sourceTree = "<group>"; };
		D30B490824B6311F002F72EA /* Assets.xcassets */ = {isa = PBXFileReference; lastKnownFileType = folder.assetcatalog; path = Assets.xcassets; sourceTree = "<group>"; };
		D30B490B24B6311F002F72EA /* Base */ = {isa = PBXFileReference; lastKnownFileType = file.storyboard; name = Base; path = Base.lproj/LaunchScreen.storyboard; sourceTree = "<group>"; };
		D30B490D24B6311F002F72EA /* Info.plist */ = {isa = PBXFileReference; lastKnownFileType = text.plist.xml; path = Info.plist; sourceTree = "<group>"; };
		D30B491624B8A9F0002F72EA /* PathMapping.swift */ = {isa = PBXFileReference; lastKnownFileType = sourcecode.swift; path = PathMapping.swift; sourceTree = "<group>"; };
		D30B491C24B8B9FC002F72EA /* RoutingModel.xcdatamodel */ = {isa = PBXFileReference; lastKnownFileType = wrapper.xcdatamodel; path = RoutingModel.xcdatamodel; sourceTree = "<group>"; };
		D361C6DD24BCEDBE00C35EBF /* HttpRequest.swift */ = {isa = PBXFileReference; lastKnownFileType = sourcecode.swift; path = HttpRequest.swift; sourceTree = "<group>"; };
		D361C6DF24BE042C00C35EBF /* PathCollectionViewCell.swift */ = {isa = PBXFileReference; lastKnownFileType = sourcecode.swift; path = PathCollectionViewCell.swift; sourceTree = "<group>"; };
/* End PBXFileReference section */

/* Begin PBXFrameworksBuildPhase section */
		D30B48F724B6311E002F72EA /* Frameworks */ = {
			isa = PBXFrameworksBuildPhase;
			buildActionMask = 2147483647;
			files = (
			);
			runOnlyForDeploymentPostprocessing = 0;
		};
/* End PBXFrameworksBuildPhase section */

/* Begin PBXGroup section */
		D30B48F124B6311E002F72EA = {
			isa = PBXGroup;
			children = (
				D30B48FC24B6311E002F72EA /* Tabbed Location Sender */,
				D30B48FB24B6311E002F72EA /* Products */,
			);
			sourceTree = "<group>";
		};
		D30B48FB24B6311E002F72EA /* Products */ = {
			isa = PBXGroup;
			children = (
				D30B48FA24B6311E002F72EA /* Tabbed Location Sender.app */,
			);
			name = Products;
			sourceTree = "<group>";
		};
		D30B48FC24B6311E002F72EA /* Tabbed Location Sender */ = {
			isa = PBXGroup;
			children = (
				D30B48FD24B6311E002F72EA /* AppDelegate.swift */,
				D30B48FF24B6311E002F72EA /* SceneDelegate.swift */,
				D30B490124B6311E002F72EA /* FirstViewController.swift */,
				D30B490324B6311E002F72EA /* SecondViewController.swift */,
				D30B490524B6311E002F72EA /* Main.storyboard */,
				D30B490824B6311F002F72EA /* Assets.xcassets */,
				D30B490A24B6311F002F72EA /* LaunchScreen.storyboard */,
				D30B490D24B6311F002F72EA /* Info.plist */,
				D30B491624B8A9F0002F72EA /* PathMapping.swift */,
				D30B491B24B8B9FC002F72EA /* RoutingModel.xcdatamodeld */,
				D361C6DD24BCEDBE00C35EBF /* HttpRequest.swift */,
				D361C6DF24BE042C00C35EBF /* PathCollectionViewCell.swift */,
			);
			path = "Tabbed Location Sender";
			sourceTree = "<group>";
		};
/* End PBXGroup section */

/* Begin PBXNativeTarget section */
		D30B48F924B6311E002F72EA /* Tabbed Location Sender */ = {
			isa = PBXNativeTarget;
			buildConfigurationList = D30B491024B6311F002F72EA /* Build configuration list for PBXNativeTarget "Tabbed Location Sender" */;
			buildPhases = (
				D30B48F624B6311E002F72EA /* Sources */,
				D30B48F724B6311E002F72EA /* Frameworks */,
				D30B48F824B6311E002F72EA /* Resources */,
			);
			buildRules = (
			);
			dependencies = (
			);
			name = "Tabbed Location Sender";
			productName = "Tabbed Location Sender";
			productReference = D30B48FA24B6311E002F72EA /* Tabbed Location Sender.app */;
			productType = "com.apple.product-type.application";
		};
/* End PBXNativeTarget section */

/* Begin PBXProject section */
		D30B48F224B6311E002F72EA /* Project object */ = {
			isa = PBXProject;
			attributes = {
				KnownAssetTags = (
					1,
				);
				LastSwiftUpdateCheck = 1150;
				LastUpgradeCheck = 1150;
				ORGANIZATIONNAME = "Eli Johnston";
				TargetAttributes = {
					D30B48F924B6311E002F72EA = {
						CreatedOnToolsVersion = 11.5;
					};
				};
			};
			buildConfigurationList = D30B48F524B6311E002F72EA /* Build configuration list for PBXProject "Tabbed Location Sender" */;
			compatibilityVersion = "Xcode 9.3";
			developmentRegion = en;
			hasScannedForEncodings = 0;
			knownRegions = (
				en,
				Base,
			);
			mainGroup = D30B48F124B6311E002F72EA;
			productRefGroup = D30B48FB24B6311E002F72EA /* Products */;
			projectDirPath = "";
			projectRoot = "";
			targets = (
				D30B48F924B6311E002F72EA /* Tabbed Location Sender */,
			);
		};
/* End PBXProject section */

/* Begin PBXResourcesBuildPhase section */
		D30B48F824B6311E002F72EA /* Resources */ = {
			isa = PBXResourcesBuildPhase;
			buildActionMask = 2147483647;
			files = (
				D30B490C24B6311F002F72EA /* LaunchScreen.storyboard in Resources */,
				D30B490924B6311F002F72EA /* Assets.xcassets in Resources */,
				D30B490724B6311E002F72EA /* Main.storyboard in Resources */,
			);
			runOnlyForDeploymentPostprocessing = 0;
		};
/* End PBXResourcesBuildPhase section */

/* Begin PBXSourcesBuildPhase section */
		D30B48F624B6311E002F72EA /* Sources */ = {
			isa = PBXSourcesBuildPhase;
			buildActionMask = 2147483647;
			files = (
				D30B490424B6311E002F72EA /* SecondViewController.swift in Sources */,
				D30B490224B6311E002F72EA /* FirstViewController.swift in Sources */,
				D30B491D24B8B9FC002F72EA /* RoutingModel.xcdatamodeld in Sources */,
				D361C6E024BE042C00C35EBF /* PathCollectionViewCell.swift in Sources */,
				D361C6DE24BCEDBE00C35EBF /* HttpRequest.swift in Sources */,
				D30B48FE24B6311E002F72EA /* AppDelegate.swift in Sources */,
				D30B491724B8A9F0002F72EA /* PathMapping.swift in Sources */,
				D30B490024B6311E002F72EA /* SceneDelegate.swift in Sources */,
			);
			runOnlyForDeploymentPostprocessing = 0;
		};
/* End PBXSourcesBuildPhase section */

/* Begin PBXVariantGroup section */
		D30B490524B6311E002F72EA /* Main.storyboard */ = {
			isa = PBXVariantGroup;
			children = (
				D30B490624B6311E002F72EA /* Base */,
			);
			name = Main.storyboard;
			sourceTree = "<group>";
		};
		D30B490A24B6311F002F72EA /* LaunchScreen.storyboard */ = {
			isa = PBXVariantGroup;
			children = (
				D30B490B24B6311F002F72EA /* Base */,
			);
			name = LaunchScreen.storyboard;
			sourceTree = "<group>";
		};
/* End PBXVariantGroup section */

/* Begin XCBuildConfiguration section */
		D30B490E24B6311F002F72EA /* Debug */ = {
			isa = XCBuildConfiguration;
			buildSettings = {
				ALWAYS_SEARCH_USER_PATHS = NO;
				CLANG_ANALYZER_NONNULL = YES;
				CLANG_ANALYZER_NUMBER_OBJECT_CONVERSION = YES_AGGRESSIVE;
				CLANG_CXX_LANGUAGE_STANDARD = "gnu++14";
				CLANG_CXX_LIBRARY = "libc++";
				CLANG_ENABLE_MODULES = YES;
				CLANG_ENABLE_OBJC_ARC = YES;
				CLANG_ENABLE_OBJC_WEAK = YES;
				CLANG_WARN_BLOCK_CAPTURE_AUTORELEASING = YES;
				CLANG_WARN_BOOL_CONVERSION = YES;
				CLANG_WARN_COMMA = YES;
				CLANG_WARN_CONSTANT_CONVERSION = YES;
				CLANG_WARN_DEPRECATED_OBJC_IMPLEMENTATIONS = YES;
				CLANG_WARN_DIRECT_OBJC_ISA_USAGE = YES_ERROR;
				CLANG_WARN_DOCUMENTATION_COMMENTS = YES;
				CLANG_WARN_EMPTY_BODY = YES;
				CLANG_WARN_ENUM_CONVERSION = YES;
				CLANG_WARN_INFINITE_RECURSION = YES;
				CLANG_WARN_INT_CONVERSION = YES;
				CLANG_WARN_NON_LITERAL_NULL_CONVERSION = YES;
				CLANG_WARN_OBJC_IMPLICIT_RETAIN_SELF = YES;
				CLANG_WARN_OBJC_LITERAL_CONVERSION = YES;
				CLANG_WARN_OBJC_ROOT_CLASS = YES_ERROR;
				CLANG_WARN_RANGE_LOOP_ANALYSIS = YES;
				CLANG_WARN_STRICT_PROTOTYPES = YES;
				CLANG_WARN_SUSPICIOUS_MOVE = YES;
				CLANG_WARN_UNGUARDED_AVAILABILITY = YES_AGGRESSIVE;
				CLANG_WARN_UNREACHABLE_CODE = YES;
				CLANG_WARN__DUPLICATE_METHOD_MATCH = YES;
				COPY_PHASE_STRIP = NO;
				DEBUG_INFORMATION_FORMAT = dwarf;
				ENABLE_STRICT_OBJC_MSGSEND = YES;
				ENABLE_TESTABILITY = YES;
				GCC_C_LANGUAGE_STANDARD = gnu11;
				GCC_DYNAMIC_NO_PIC = NO;
				GCC_NO_COMMON_BLOCKS = YES;
				GCC_OPTIMIZATION_LEVEL = 0;
				GCC_PREPROCESSOR_DEFINITIONS = (
					"DEBUG=1",
					"$(inherited)",
				);
				GCC_WARN_64_TO_32_BIT_CONVERSION = YES;
				GCC_WARN_ABOUT_RETURN_TYPE = YES_ERROR;
				GCC_WARN_UNDECLARED_SELECTOR = YES;
				GCC_WARN_UNINITIALIZED_AUTOS = YES_AGGRESSIVE;
				GCC_WARN_UNUSED_FUNCTION = YES;
				GCC_WARN_UNUSED_VARIABLE = YES;
				IPHONEOS_DEPLOYMENT_TARGET = 13.5;
				MTL_ENABLE_DEBUG_INFO = INCLUDE_SOURCE;
				MTL_FAST_MATH = YES;
				ONLY_ACTIVE_ARCH = YES;
				SDKROOT = iphoneos;
				SWIFT_ACTIVE_COMPILATION_CONDITIONS = DEBUG;
				SWIFT_OPTIMIZATION_LEVEL = "-Onone";
			};
			name = Debug;
		};
		D30B490F24B6311F002F72EA /* Release */ = {
			isa = XCBuildConfiguration;
			buildSettings = {
				ALWAYS_SEARCH_USER_PATHS = NO;
				CLANG_ANALYZER_NONNULL = YES;
				CLANG_ANALYZER_NUMBER_OBJECT_CONVERSION = YES_AGGRESSIVE;
				CLANG_CXX_LANGUAGE_STANDARD = "gnu++14";
				CLANG_CXX_LIBRARY = "libc++";
				CLANG_ENABLE_MODULES = YES;
				CLANG_ENABLE_OBJC_ARC = YES;
				CLANG_ENABLE_OBJC_WEAK = YES;
				CLANG_WARN_BLOCK_CAPTURE_AUTORELEASING = YES;
				CLANG_WARN_BOOL_CONVERSION = YES;
				CLANG_WARN_COMMA = YES;
				CLANG_WARN_CONSTANT_CONVERSION = YES;
				CLANG_WARN_DEPRECATED_OBJC_IMPLEMENTATIONS = YES;
				CLANG_WARN_DIRECT_OBJC_ISA_USAGE = YES_ERROR;
				CLANG_WARN_DOCUMENTATION_COMMENTS = YES;
				CLANG_WARN_EMPTY_BODY = YES;
				CLANG_WARN_ENUM_CONVERSION = YES;
				CLANG_WARN_INFINITE_RECURSION = YES;
				CLANG_WARN_INT_CONVERSION = YES;
				CLANG_WARN_NON_LITERAL_NULL_CONVERSION = YES;
				CLANG_WARN_OBJC_IMPLICIT_RETAIN_SELF = YES;
				CLANG_WARN_OBJC_LITERAL_CONVERSION = YES;
				CLANG_WARN_OBJC_ROOT_CLASS = YES_ERROR;
				CLANG_WARN_RANGE_LOOP_ANALYSIS = YES;
				CLANG_WARN_STRICT_PROTOTYPES = YES;
				CLANG_WARN_SUSPICIOUS_MOVE = YES;
				CLANG_WARN_UNGUARDED_AVAILABILITY = YES_AGGRESSIVE;
				CLANG_WARN_UNREACHABLE_CODE = YES;
				CLANG_WARN__DUPLICATE_METHOD_MATCH = YES;
				COPY_PHASE_STRIP = NO;
				DEBUG_INFORMATION_FORMAT = "dwarf-with-dsym";
				ENABLE_NS_ASSERTIONS = NO;
				ENABLE_STRICT_OBJC_MSGSEND = YES;
				GCC_C_LANGUAGE_STANDARD = gnu11;
				GCC_NO_COMMON_BLOCKS = YES;
				GCC_WARN_64_TO_32_BIT_CONVERSION = YES;
				GCC_WARN_ABOUT_RETURN_TYPE = YES_ERROR;
				GCC_WARN_UNDECLARED_SELECTOR = YES;
				GCC_WARN_UNINITIALIZED_AUTOS = YES_AGGRESSIVE;
				GCC_WARN_UNUSED_FUNCTION = YES;
				GCC_WARN_UNUSED_VARIABLE = YES;
				IPHONEOS_DEPLOYMENT_TARGET = 13.5;
				MTL_ENABLE_DEBUG_INFO = NO;
				MTL_FAST_MATH = YES;
				SDKROOT = iphoneos;
				SWIFT_COMPILATION_MODE = wholemodule;
				SWIFT_OPTIMIZATION_LEVEL = "-O";
				VALIDATE_PRODUCT = YES;
			};
			name = Release;
		};
		D30B491124B6311F002F72EA /* Debug */ = {
			isa = XCBuildConfiguration;
			buildSettings = {
				ASSETCATALOG_COMPILER_APPICON_NAME = AppIcon;
				CODE_SIGN_STYLE = Automatic;
				DEVELOPMENT_TEAM = 4QM8B2NVY4;
				INFOPLIST_FILE = "Tabbed Location Sender/Info.plist";
				LD_RUNPATH_SEARCH_PATHS = (
					"$(inherited)",
					"@executable_path/Frameworks",
				);
				PRODUCT_BUNDLE_IDENTIFIER = "ejohnston.Tabbed-Location-Sender";
				PRODUCT_NAME = "$(TARGET_NAME)";
				SWIFT_VERSION = 5.0;
				TARGETED_DEVICE_FAMILY = "1,2";
			};
			name = Debug;
		};
		D30B491224B6311F002F72EA /* Release */ = {
			isa = XCBuildConfiguration;
			buildSettings = {
				ASSETCATALOG_COMPILER_APPICON_NAME = AppIcon;
				CODE_SIGN_STYLE = Automatic;
				DEVELOPMENT_TEAM = 4QM8B2NVY4;
				INFOPLIST_FILE = "Tabbed Location Sender/Info.plist";
				LD_RUNPATH_SEARCH_PATHS = (
					"$(inherited)",
					"@executable_path/Frameworks",
				);
				PRODUCT_BUNDLE_IDENTIFIER = "ejohnston.Tabbed-Location-Sender";
				PRODUCT_NAME = "$(TARGET_NAME)";
				SWIFT_VERSION = 5.0;
				TARGETED_DEVICE_FAMILY = "1,2";
			};
			name = Release;
		};
/* End XCBuildConfiguration section */

/* Begin XCConfigurationList section */
		D30B48F524B6311E002F72EA /* Build configuration list for PBXProject "Tabbed Location Sender" */ = {
			isa = XCConfigurationList;
			buildConfigurations = (
				D30B490E24B6311F002F72EA /* Debug */,
				D30B490F24B6311F002F72EA /* Release */,
			);
			defaultConfigurationIsVisible = 0;
			defaultConfigurationName = Release;
		};
		D30B491024B6311F002F72EA /* Build configuration list for PBXNativeTarget "Tabbed Location Sender" */ = {
			isa = XCConfigurationList;
			buildConfigurations = (
				D30B491124B6311F002F72EA /* Debug */,
				D30B491224B6311F002F72EA /* Release */,
			);
			defaultConfigurationIsVisible = 0;
			defaultConfigurationName = Release;
		};
/* End XCConfigurationList section */

/* Begin XCVersionGroup section */
		D30B491B24B8B9FC002F72EA /* RoutingModel.xcdatamodeld */ = {
			isa = XCVersionGroup;
			children = (
				D30B491C24B8B9FC002F72EA /* RoutingModel.xcdatamodel */,
			);
			currentVersion = D30B491C24B8B9FC002F72EA /* RoutingModel.xcdatamodel */;
			path = RoutingModel.xcdatamodeld;
			sourceTree = "<group>";
			versionGroupType = wrapper.xcdatamodel;
		};
/* End XCVersionGroup section */
	};
	rootObject = D30B48F224B6311E002F72EA /* Project object */;
}
